
Microsoft Visual Studio Solution File, Format Version 12.00
Project("{FAE04EC0-301F-11D3-BF4B-00C04F79EFBC}") = "PasswordKeeperServer", "PasswordKeeperServer\PasswordKeeperServer.csproj", "{DEA9FEEA-9A76-4E5B-94FC-84682AA8E837}"
EndProject
Project("{2150E333-8FDC-42A3-9474-1A3956D46DE8}") = "Solution Items", "Solution Items", "{C669DB65-322E-451E-9F7C-18B1E08F912E}"
	ProjectSection(SolutionItems) = preProject
		compose.yaml = compose.yaml
		Directory.Build.props = Directory.Build.props
	EndProjectSection
EndProject
Project("{FAE04EC0-301F-11D3-BF4B-00C04F79EFBC}") = "DbMigrate", "DbMigrate\DbMigrate.csproj", "{2047B929-7D63-440A-A1C1-BABAE744194B}"
EndProject
Project("{FAE04EC0-301F-11D3-BF4B-00C04F79EFBC}") = "PasswordKeeper.DAO", "PasswordKeeper.DAO\PasswordKeeper.DAO.csproj", "{0153EF2E-A07D-499C-BEC9-431942F777EB}"
EndProject
Global
	GlobalSection(SolutionConfigurationPlatforms) = preSolution
		Debug|Any CPU = Debug|Any CPU
		Release|Any CPU = Release|Any CPU
	EndGlobalSection
	GlobalSection(ProjectConfigurationPlatforms) = postSolution
		{DEA9FEEA-9A76-4E5B-94FC-84682AA8E837}.Debug|Any CPU.ActiveCfg = Debug|Any CPU
		{DEA9FEEA-9A76-4E5B-94FC-84682AA8E837}.Debug|Any CPU.Build.0 = Debug|Any CPU
		{DEA9FEEA-9A76-4E5B-94FC-84682AA8E837}.Release|Any CPU.ActiveCfg = Release|Any CPU
		{DEA9FEEA-9A76-4E5B-94FC-84682AA8E837}.Release|Any CPU.Build.0 = Release|Any CPU
		{2047B929-7D63-440A-A1C1-BABAE744194B}.Debug|Any CPU.ActiveCfg = Debug|Any CPU
		{2047B929-7D63-440A-A1C1-BABAE744194B}.Debug|Any CPU.Build.0 = Debug|Any CPU
		{2047B929-7D63-440A-A1C1-BABAE744194B}.Release|Any CPU.ActiveCfg = Release|Any CPU
		{2047B929-7D63-440A-A1C1-BABAE744194B}.Release|Any CPU.Build.0 = Release|Any CPU
		{0153EF2E-A07D-499C-BEC9-431942F777EB}.Debug|Any CPU.ActiveCfg = Debug|Any CPU
		{0153EF2E-A07D-499C-BEC9-431942F777EB}.Debug|Any CPU.Build.0 = Debug|Any CPU
		{0153EF2E-A07D-499C-BEC9-431942F777EB}.Release|Any CPU.ActiveCfg = Release|Any CPU
		{0153EF2E-A07D-499C-BEC9-431942F777EB}.Release|Any CPU.Build.0 = Release|Any CPU
	EndGlobalSection
EndGlobal
