
Microsoft Visual Studio Solution File, Format Version 12.00
Project("{FAE04EC0-301F-11D3-BF4B-00C04F79EFBC}") = "PasswordKeeper.Server", "PasswordKeeper.Server\PasswordKeeper.Server.csproj", "{DEA9FEEA-9A76-4E5B-94FC-84682AA8E837}"
EndProject
Project("{2150E333-8FDC-42A3-9474-1A3956D46DE8}") = "Solution Items", "Solution Items", "{C669DB65-322E-451E-9F7C-18B1E08F912E}"
	ProjectSection(SolutionItems) = preProject
		compose.yaml = compose.yaml
		Directory.Build.props = Directory.Build.props
		Directory.Build.targets = Directory.Build.targets
		LICENSE = LICENSE
	EndProjectSection
EndProject
Project("{FAE04EC0-301F-11D3-BF4B-00C04F79EFBC}") = "PasswordKeeper.DatabaseMigrations", "PasswordKeeper.DatabaseMigrations\PasswordKeeper.DatabaseMigrations.csproj", "{2047B929-7D63-440A-A1C1-BABAE744194B}"
EndProject
Project("{FAE04EC0-301F-11D3-BF4B-00C04F79EFBC}") = "PasswordKeeper.DAO", "PasswordKeeper.DAO\PasswordKeeper.DAO.csproj", "{0153EF2E-A07D-499C-BEC9-431942F777EB}"
EndProject
Project("{FAE04EC0-301F-11D3-BF4B-00C04F79EFBC}") = "PasswordKeeper.DataAccess", "PasswordKeeper.DataAccess\PasswordKeeper.DataAccess.csproj", "{8AD4DA74-610F-4A0B-9455-70F888A11D79}"
EndProject
Project("{FAE04EC0-301F-11D3-BF4B-00C04F79EFBC}") = "PasswordKeeper.DTO", "PasswordKeeper.DTO\PasswordKeeper.DTO.csproj", "{66182839-B760-4CF6-B01C-456C3673CF96}"
EndProject
Project("{FAE04EC0-301F-11D3-BF4B-00C04F79EFBC}") = "PasswordKeeper.Interfaces", "PasswordKeeper.Interfaces\PasswordKeeper.Interfaces.csproj", "{380C1682-4418-49E5-A7A9-4C3513099B3D}"
EndProject
Project("{FAE04EC0-301F-11D3-BF4B-00C04F79EFBC}") = "PasswordKeeper.Tests", "PasswordKeeper.Tests\PasswordKeeper.Tests.csproj", "{795CD67A-C2E0-45E3-AAE9-240EC1C88E3E}"
EndProject
Project("{FAE04EC0-301F-11D3-BF4B-00C04F79EFBC}") = "PasswordKeeper.BusinessLogic", "PasswordKeeper.BusinessLogic\PasswordKeeper.BusinessLogic.csproj", "{EFF3BB4C-3CA3-40D0-BEF8-2D13AC4CD901}"
EndProject
Project("{FAE04EC0-301F-11D3-BF4B-00C04F79EFBC}") = "PasswordKeeper.Classes", "PasswordKeeper.Classes\PasswordKeeper.Classes.csproj", "{0B6C9609-9EA0-425B-9CDF-CF5D19DE7045}"
EndProject
Global
	GlobalSection(SolutionConfigurationPlatforms) = preSolution
		Debug|Any CPU = Debug|Any CPU
		Release|Any CPU = Release|Any CPU
	EndGlobalSection
	GlobalSection(ProjectConfigurationPlatforms) = postSolution
		{DEA9FEEA-9A76-4E5B-94FC-84682AA8E837}.Debug|Any CPU.ActiveCfg = Debug|Any CPU
		{DEA9FEEA-9A76-4E5B-94FC-84682AA8E837}.Debug|Any CPU.Build.0 = Debug|Any CPU
		{DEA9FEEA-9A76-4E5B-94FC-84682AA8E837}.Release|Any CPU.ActiveCfg = Release|Any CPU
		{DEA9FEEA-9A76-4E5B-94FC-84682AA8E837}.Release|Any CPU.Build.0 = Release|Any CPU
		{2047B929-7D63-440A-A1C1-BABAE744194B}.Debug|Any CPU.ActiveCfg = Debug|Any CPU
		{2047B929-7D63-440A-A1C1-BABAE744194B}.Debug|Any CPU.Build.0 = Debug|Any CPU
		{2047B929-7D63-440A-A1C1-BABAE744194B}.Release|Any CPU.ActiveCfg = Release|Any CPU
		{2047B929-7D63-440A-A1C1-BABAE744194B}.Release|Any CPU.Build.0 = Release|Any CPU
		{0153EF2E-A07D-499C-BEC9-431942F777EB}.Debug|Any CPU.ActiveCfg = Debug|Any CPU
		{0153EF2E-A07D-499C-BEC9-431942F777EB}.Debug|Any CPU.Build.0 = Debug|Any CPU
		{0153EF2E-A07D-499C-BEC9-431942F777EB}.Release|Any CPU.ActiveCfg = Release|Any CPU
		{0153EF2E-A07D-499C-BEC9-431942F777EB}.Release|Any CPU.Build.0 = Release|Any CPU
		{8AD4DA74-610F-4A0B-9455-70F888A11D79}.Debug|Any CPU.ActiveCfg = Debug|Any CPU
		{8AD4DA74-610F-4A0B-9455-70F888A11D79}.Debug|Any CPU.Build.0 = Debug|Any CPU
		{8AD4DA74-610F-4A0B-9455-70F888A11D79}.Release|Any CPU.ActiveCfg = Release|Any CPU
		{8AD4DA74-610F-4A0B-9455-70F888A11D79}.Release|Any CPU.Build.0 = Release|Any CPU
		{66182839-B760-4CF6-B01C-456C3673CF96}.Debug|Any CPU.ActiveCfg = Debug|Any CPU
		{66182839-B760-4CF6-B01C-456C3673CF96}.Debug|Any CPU.Build.0 = Debug|Any CPU
		{66182839-B760-4CF6-B01C-456C3673CF96}.Release|Any CPU.ActiveCfg = Release|Any CPU
		{66182839-B760-4CF6-B01C-456C3673CF96}.Release|Any CPU.Build.0 = Release|Any CPU
		{380C1682-4418-49E5-A7A9-4C3513099B3D}.Debug|Any CPU.ActiveCfg = Debug|Any CPU
		{380C1682-4418-49E5-A7A9-4C3513099B3D}.Debug|Any CPU.Build.0 = Debug|Any CPU
		{380C1682-4418-49E5-A7A9-4C3513099B3D}.Release|Any CPU.ActiveCfg = Release|Any CPU
		{380C1682-4418-49E5-A7A9-4C3513099B3D}.Release|Any CPU.Build.0 = Release|Any CPU
		{795CD67A-C2E0-45E3-AAE9-240EC1C88E3E}.Debug|Any CPU.ActiveCfg = Debug|Any CPU
		{795CD67A-C2E0-45E3-AAE9-240EC1C88E3E}.Debug|Any CPU.Build.0 = Debug|Any CPU
		{795CD67A-C2E0-45E3-AAE9-240EC1C88E3E}.Release|Any CPU.ActiveCfg = Release|Any CPU
		{795CD67A-C2E0-45E3-AAE9-240EC1C88E3E}.Release|Any CPU.Build.0 = Release|Any CPU
		{EFF3BB4C-3CA3-40D0-BEF8-2D13AC4CD901}.Debug|Any CPU.ActiveCfg = Debug|Any CPU
		{EFF3BB4C-3CA3-40D0-BEF8-2D13AC4CD901}.Debug|Any CPU.Build.0 = Debug|Any CPU
		{EFF3BB4C-3CA3-40D0-BEF8-2D13AC4CD901}.Release|Any CPU.ActiveCfg = Release|Any CPU
		{EFF3BB4C-3CA3-40D0-BEF8-2D13AC4CD901}.Release|Any CPU.Build.0 = Release|Any CPU
		{0B6C9609-9EA0-425B-9CDF-CF5D19DE7045}.Debug|Any CPU.ActiveCfg = Debug|Any CPU
		{0B6C9609-9EA0-425B-9CDF-CF5D19DE7045}.Debug|Any CPU.Build.0 = Debug|Any CPU
		{0B6C9609-9EA0-425B-9CDF-CF5D19DE7045}.Release|Any CPU.ActiveCfg = Release|Any CPU
		{0B6C9609-9EA0-425B-9CDF-CF5D19DE7045}.Release|Any CPU.Build.0 = Release|Any CPU
	EndGlobalSection
EndGlobal
